
Microsoft Visual Studio Solution File, Format Version 12.00
# Visual Studio 15
VisualStudioVersion = 15.0.28307.852
MinimumVisualStudioVersion = 10.0.40219.1
Project("{FAE04EC0-301F-11D3-BF4B-00C04F79EFBC}") = "Lecture7", "Lecture7.csproj", "{38DFF910-0549-42C3-99A8-20BB2E6AD530}"
EndProject
Global
	GlobalSection(SolutionConfigurationPlatforms) = preSolution
		Debug|Any CPU = Debug|Any CPU
		Release|Any CPU = Release|Any CPU
	EndGlobalSection
	GlobalSection(ProjectConfigurationPlatforms) = postSolution
		{38DFF910-0549-42C3-99A8-20BB2E6AD530}.Debug|Any CPU.ActiveCfg = Debug|Any CPU
		{38DFF910-0549-42C3-99A8-20BB2E6AD530}.Debug|Any CPU.Build.0 = Debug|Any CPU
		{38DFF910-0549-42C3-99A8-20BB2E6AD530}.Release|Any CPU.ActiveCfg = Release|Any CPU
		{38DFF910-0549-42C3-99A8-20BB2E6AD530}.Release|Any CPU.Build.0 = Release|Any CPU
	EndGlobalSection
	GlobalSection(SolutionProperties) = preSolution
		HideSolutionNode = FALSE
	EndGlobalSection
	GlobalSection(ExtensibilityGlobals) = postSolution
		SolutionGuid = {A38EE46D-C523-4D13-8DBB-EA7E1330C86C}
	EndGlobalSection
EndGlobal
