
Microsoft Visual Studio Solution File, Format Version 12.00
# Visual Studio 15
VisualStudioVersion = 15.0.28307.852
MinimumVisualStudioVersion = 10.0.40219.1
Project("{FAE04EC0-301F-11D3-BF4B-00C04F79EFBC}") = "Lecture1", "Lecture1.csproj", "{D5E389F0-0D51-4AE6-909F-492ECD4A9B77}"
EndProject
Global
	GlobalSection(SolutionConfigurationPlatforms) = preSolution
		Debug|Any CPU = Debug|Any CPU
		Release|Any CPU = Release|Any CPU
	EndGlobalSection
	GlobalSection(ProjectConfigurationPlatforms) = postSolution
		{D5E389F0-0D51-4AE6-909F-492ECD4A9B77}.Debug|Any CPU.ActiveCfg = Debug|Any CPU
		{D5E389F0-0D51-4AE6-909F-492ECD4A9B77}.Debug|Any CPU.Build.0 = Debug|Any CPU
		{D5E389F0-0D51-4AE6-909F-492ECD4A9B77}.Release|Any CPU.ActiveCfg = Release|Any CPU
		{D5E389F0-0D51-4AE6-909F-492ECD4A9B77}.Release|Any CPU.Build.0 = Release|Any CPU
	EndGlobalSection
	GlobalSection(SolutionProperties) = preSolution
		HideSolutionNode = FALSE
	EndGlobalSection
	GlobalSection(ExtensibilityGlobals) = postSolution
		SolutionGuid = {44B3DEF4-9E6F-435F-8269-2960BE06AF42}
	EndGlobalSection
EndGlobal
