
Microsoft Visual Studio Solution File, Format Version 12.00
# Visual Studio 15
VisualStudioVersion = 15.0.28307.852
MinimumVisualStudioVersion = 10.0.40219.1
Project("{FAE04EC0-301F-11D3-BF4B-00C04F79EFBC}") = "Lecture18", "Lecture18.csproj", "{62A4B622-5230-4CFC-A9C9-3966E8C88093}"
EndProject
Global
	GlobalSection(SolutionConfigurationPlatforms) = preSolution
		Debug|Any CPU = Debug|Any CPU
		Release|Any CPU = Release|Any CPU
	EndGlobalSection
	GlobalSection(ProjectConfigurationPlatforms) = postSolution
		{62A4B622-5230-4CFC-A9C9-3966E8C88093}.Debug|Any CPU.ActiveCfg = Debug|Any CPU
		{62A4B622-5230-4CFC-A9C9-3966E8C88093}.Debug|Any CPU.Build.0 = Debug|Any CPU
		{62A4B622-5230-4CFC-A9C9-3966E8C88093}.Release|Any CPU.ActiveCfg = Release|Any CPU
		{62A4B622-5230-4CFC-A9C9-3966E8C88093}.Release|Any CPU.Build.0 = Release|Any CPU
	EndGlobalSection
	GlobalSection(SolutionProperties) = preSolution
		HideSolutionNode = FALSE
	EndGlobalSection
	GlobalSection(ExtensibilityGlobals) = postSolution
		SolutionGuid = {7A438291-5D24-4DFB-B80C-3E3C54D18F25}
	EndGlobalSection
EndGlobal
