
Microsoft Visual Studio Solution File, Format Version 12.00
# Visual Studio 15
VisualStudioVersion = 15.0.28307.852
MinimumVisualStudioVersion = 10.0.40219.1
Project("{FAE04EC0-301F-11D3-BF4B-00C04F79EFBC}") = "Lecture11", "Lecture11.csproj", "{20F7EFC5-058D-40C9-AB34-D309C1D46ADB}"
EndProject
Global
	GlobalSection(SolutionConfigurationPlatforms) = preSolution
		Debug|Any CPU = Debug|Any CPU
		Release|Any CPU = Release|Any CPU
	EndGlobalSection
	GlobalSection(ProjectConfigurationPlatforms) = postSolution
		{20F7EFC5-058D-40C9-AB34-D309C1D46ADB}.Debug|Any CPU.ActiveCfg = Debug|Any CPU
		{20F7EFC5-058D-40C9-AB34-D309C1D46ADB}.Debug|Any CPU.Build.0 = Debug|Any CPU
		{20F7EFC5-058D-40C9-AB34-D309C1D46ADB}.Release|Any CPU.ActiveCfg = Release|Any CPU
		{20F7EFC5-058D-40C9-AB34-D309C1D46ADB}.Release|Any CPU.Build.0 = Release|Any CPU
	EndGlobalSection
	GlobalSection(SolutionProperties) = preSolution
		HideSolutionNode = FALSE
	EndGlobalSection
	GlobalSection(ExtensibilityGlobals) = postSolution
		SolutionGuid = {D83F9607-73E6-4F8B-B396-8C4833897A33}
	EndGlobalSection
EndGlobal
