
Microsoft Visual Studio Solution File, Format Version 12.00
# Visual Studio 15
VisualStudioVersion = 15.0.28307.852
MinimumVisualStudioVersion = 10.0.40219.1
Project("{FAE04EC0-301F-11D3-BF4B-00C04F79EFBC}") = "Lecture10", "Lecture10.csproj", "{A12F94BC-8E94-4069-84BD-A805FA21B846}"
EndProject
Global
	GlobalSection(SolutionConfigurationPlatforms) = preSolution
		Debug|Any CPU = Debug|Any CPU
		Release|Any CPU = Release|Any CPU
	EndGlobalSection
	GlobalSection(ProjectConfigurationPlatforms) = postSolution
		{A12F94BC-8E94-4069-84BD-A805FA21B846}.Debug|Any CPU.ActiveCfg = Debug|Any CPU
		{A12F94BC-8E94-4069-84BD-A805FA21B846}.Debug|Any CPU.Build.0 = Debug|Any CPU
		{A12F94BC-8E94-4069-84BD-A805FA21B846}.Release|Any CPU.ActiveCfg = Release|Any CPU
		{A12F94BC-8E94-4069-84BD-A805FA21B846}.Release|Any CPU.Build.0 = Release|Any CPU
	EndGlobalSection
	GlobalSection(SolutionProperties) = preSolution
		HideSolutionNode = FALSE
	EndGlobalSection
	GlobalSection(ExtensibilityGlobals) = postSolution
		SolutionGuid = {C75BB0CA-9FF1-4BF8-BB05-5D176D4CE77B}
	EndGlobalSection
EndGlobal
