
Microsoft Visual Studio Solution File, Format Version 12.00
# Visual Studio 15
VisualStudioVersion = 15.0.28307.852
MinimumVisualStudioVersion = 10.0.40219.1
Project("{FAE04EC0-301F-11D3-BF4B-00C04F79EFBC}") = "Lecture13", "Lecture13.csproj", "{8A09CB1C-8E65-4615-9331-EDC82A47E025}"
EndProject
Global
	GlobalSection(SolutionConfigurationPlatforms) = preSolution
		Debug|Any CPU = Debug|Any CPU
		Release|Any CPU = Release|Any CPU
	EndGlobalSection
	GlobalSection(ProjectConfigurationPlatforms) = postSolution
		{8A09CB1C-8E65-4615-9331-EDC82A47E025}.Debug|Any CPU.ActiveCfg = Debug|Any CPU
		{8A09CB1C-8E65-4615-9331-EDC82A47E025}.Debug|Any CPU.Build.0 = Debug|Any CPU
		{8A09CB1C-8E65-4615-9331-EDC82A47E025}.Release|Any CPU.ActiveCfg = Release|Any CPU
		{8A09CB1C-8E65-4615-9331-EDC82A47E025}.Release|Any CPU.Build.0 = Release|Any CPU
	EndGlobalSection
	GlobalSection(SolutionProperties) = preSolution
		HideSolutionNode = FALSE
	EndGlobalSection
	GlobalSection(ExtensibilityGlobals) = postSolution
		SolutionGuid = {131B3F1F-B15C-4C6F-AB9C-D613AC9C2FAA}
	EndGlobalSection
EndGlobal
