
Microsoft Visual Studio Solution File, Format Version 12.00
# Visual Studio 15
VisualStudioVersion = 15.0.28307.852
MinimumVisualStudioVersion = 10.0.40219.1
Project("{FAE04EC0-301F-11D3-BF4B-00C04F79EFBC}") = "Lecture5", "Lecture5.csproj", "{36775400-89FE-473E-9D7A-C585AE4F3E25}"
EndProject
Global
	GlobalSection(SolutionConfigurationPlatforms) = preSolution
		Debug|Any CPU = Debug|Any CPU
		Release|Any CPU = Release|Any CPU
	EndGlobalSection
	GlobalSection(ProjectConfigurationPlatforms) = postSolution
		{36775400-89FE-473E-9D7A-C585AE4F3E25}.Debug|Any CPU.ActiveCfg = Debug|Any CPU
		{36775400-89FE-473E-9D7A-C585AE4F3E25}.Debug|Any CPU.Build.0 = Debug|Any CPU
		{36775400-89FE-473E-9D7A-C585AE4F3E25}.Release|Any CPU.ActiveCfg = Release|Any CPU
		{36775400-89FE-473E-9D7A-C585AE4F3E25}.Release|Any CPU.Build.0 = Release|Any CPU
	EndGlobalSection
	GlobalSection(SolutionProperties) = preSolution
		HideSolutionNode = FALSE
	EndGlobalSection
	GlobalSection(ExtensibilityGlobals) = postSolution
		SolutionGuid = {8D9393BD-9A86-4F3B-AFB2-3C2F5E5124AC}
	EndGlobalSection
EndGlobal
