
Microsoft Visual Studio Solution File, Format Version 12.00
# Visual Studio 15
VisualStudioVersion = 15.0.28307.852
MinimumVisualStudioVersion = 10.0.40219.1
Project("{FAE04EC0-301F-11D3-BF4B-00C04F79EFBC}") = "Lecture15", "Lecture15.csproj", "{0F483ABB-8315-460B-9000-6198C6E37B75}"
EndProject
Global
	GlobalSection(SolutionConfigurationPlatforms) = preSolution
		Debug|Any CPU = Debug|Any CPU
		Release|Any CPU = Release|Any CPU
	EndGlobalSection
	GlobalSection(ProjectConfigurationPlatforms) = postSolution
		{0F483ABB-8315-460B-9000-6198C6E37B75}.Debug|Any CPU.ActiveCfg = Debug|Any CPU
		{0F483ABB-8315-460B-9000-6198C6E37B75}.Debug|Any CPU.Build.0 = Debug|Any CPU
		{0F483ABB-8315-460B-9000-6198C6E37B75}.Release|Any CPU.ActiveCfg = Release|Any CPU
		{0F483ABB-8315-460B-9000-6198C6E37B75}.Release|Any CPU.Build.0 = Release|Any CPU
	EndGlobalSection
	GlobalSection(SolutionProperties) = preSolution
		HideSolutionNode = FALSE
	EndGlobalSection
	GlobalSection(ExtensibilityGlobals) = postSolution
		SolutionGuid = {76942E71-3A4B-446F-A08A-2A879494B1CF}
	EndGlobalSection
EndGlobal
